
Microsoft Visual Studio Solution File, Format Version 12.00
# Visual Studio Version 17
VisualStudioVersion = 17.3.32929.385
MinimumVisualStudioVersion = 10.0.40219.1
Project("{FAE04EC0-301F-11D3-BF4B-00C04F79EFBC}") = "LAB1", "LAB1\LAB1.csproj", "{7EA124DF-FCF9-4E65-AE40-5C6EA32EFBD8}"
EndProject
Project("{FAE04EC0-301F-11D3-BF4B-00C04F79EFBC}") = "LAB2", "LAB2\LAB2.csproj", "{99FC435C-9B9F-4DB0-A281-E959D8E37026}"
EndProject
Project("{FAE04EC0-301F-11D3-BF4B-00C04F79EFBC}") = "MIVS3", "LAB3\MIVS3.csproj", "{DD1B81DF-817F-4336-A3DF-6B62C3D86754}"
EndProject
Global
	GlobalSection(SolutionConfigurationPlatforms) = preSolution
		Debug|Any CPU = Debug|Any CPU
		Release|Any CPU = Release|Any CPU
	EndGlobalSection
	GlobalSection(ProjectConfigurationPlatforms) = postSolution
		{7EA124DF-FCF9-4E65-AE40-5C6EA32EFBD8}.Debug|Any CPU.ActiveCfg = Debug|Any CPU
		{7EA124DF-FCF9-4E65-AE40-5C6EA32EFBD8}.Debug|Any CPU.Build.0 = Debug|Any CPU
		{7EA124DF-FCF9-4E65-AE40-5C6EA32EFBD8}.Release|Any CPU.ActiveCfg = Release|Any CPU
		{7EA124DF-FCF9-4E65-AE40-5C6EA32EFBD8}.Release|Any CPU.Build.0 = Release|Any CPU
		{99FC435C-9B9F-4DB0-A281-E959D8E37026}.Debug|Any CPU.ActiveCfg = Debug|Any CPU
		{99FC435C-9B9F-4DB0-A281-E959D8E37026}.Debug|Any CPU.Build.0 = Debug|Any CPU
		{99FC435C-9B9F-4DB0-A281-E959D8E37026}.Release|Any CPU.ActiveCfg = Release|Any CPU
		{99FC435C-9B9F-4DB0-A281-E959D8E37026}.Release|Any CPU.Build.0 = Release|Any CPU
		{DD1B81DF-817F-4336-A3DF-6B62C3D86754}.Debug|Any CPU.ActiveCfg = Debug|Any CPU
		{DD1B81DF-817F-4336-A3DF-6B62C3D86754}.Debug|Any CPU.Build.0 = Debug|Any CPU
		{DD1B81DF-817F-4336-A3DF-6B62C3D86754}.Release|Any CPU.ActiveCfg = Release|Any CPU
		{DD1B81DF-817F-4336-A3DF-6B62C3D86754}.Release|Any CPU.Build.0 = Release|Any CPU
	EndGlobalSection
	GlobalSection(SolutionProperties) = preSolution
		HideSolutionNode = FALSE
	EndGlobalSection
	GlobalSection(ExtensibilityGlobals) = postSolution
		SolutionGuid = {086BA172-AD77-4BA8-B07D-58CF18BD2386}
	EndGlobalSection
EndGlobal
