
Microsoft Visual Studio Solution File, Format Version 12.00
# Visual Studio Version 17
VisualStudioVersion = 17.3.32901.215
MinimumVisualStudioVersion = 10.0.40219.1
Project("{FAE04EC0-301F-11D3-BF4B-00C04F79EFBC}") = "MIVS_LAB", "MIVS_LAB.csproj", "{0A1E1A7C-D144-4A0B-91E3-2A2CC880E4DC}"
EndProject
Global
	GlobalSection(SolutionConfigurationPlatforms) = preSolution
		Debug|Any CPU = Debug|Any CPU
		Release|Any CPU = Release|Any CPU
	EndGlobalSection
	GlobalSection(ProjectConfigurationPlatforms) = postSolution
		{0A1E1A7C-D144-4A0B-91E3-2A2CC880E4DC}.Debug|Any CPU.ActiveCfg = Debug|Any CPU
		{0A1E1A7C-D144-4A0B-91E3-2A2CC880E4DC}.Debug|Any CPU.Build.0 = Debug|Any CPU
		{0A1E1A7C-D144-4A0B-91E3-2A2CC880E4DC}.Release|Any CPU.ActiveCfg = Release|Any CPU
		{0A1E1A7C-D144-4A0B-91E3-2A2CC880E4DC}.Release|Any CPU.Build.0 = Release|Any CPU
	EndGlobalSection
	GlobalSection(SolutionProperties) = preSolution
		HideSolutionNode = FALSE
	EndGlobalSection
	GlobalSection(ExtensibilityGlobals) = postSolution
		SolutionGuid = {D291180C-4D0D-4FD5-98C5-7E40A7BF943D}
	EndGlobalSection
EndGlobal
